<?xml version="1.0" encoding="utf-8"?>
<Project ToolsVersion="4.0" xmlns="http://schemas.microsoft.com/developer/msbuild/2003">
  <ItemGroup>
    <Filter Include="Source Files">
      <UniqueIdentifier>{4FC737F1-C7A5-4376-A066-2A32D752A2FF}</UniqueIdentifier>
      <Extensions>cpp;c;cc;cxx;def;odl;idl;hpj;bat;asm;asmx</Extensions>
    </Filter>
    <Filter Include="Header Files">
      <UniqueIdentifier>{93995380-89BD-4b04-88EB-625FBE52EBFB}</UniqueIdentifier>
      <Extensions>h;hh;hpp;hxx;hm;inl;inc;ipp;xsd</Extensions>
    </Filter>
    <Filter Include="Resource Files">
      <UniqueIdentifier>{67DA6AB6-F800-4c08-8B7A-83BB121AAD01}</UniqueIdentifier>
      <Extensions>rc;ico;cur;bmp;dlg;rc2;rct;bin;rgs;gif;jpg;jpeg;jpe;resx;tiff;tif;png;wav;mfcribbon-ms</Extensions>
    </Filter>
  </ItemGroup>
  <ItemGroup>
    <ClInclude Include="..\..\..\..\..\..\..\Program Files (x86)\Windows Kits\10\Include\10.0.17763.0\shared\nvme.h">
      <Filter>Header Files</Filter>
    </ClInclude>
    <ClInclude Include="WinFunc.h">
      <Filter>Header Files</Filter>
    </ClInclude>
    <ClInclude Include="NVMeSCSIPassThrough.h">
      <Filter>Header Files</Filter>
    </ClInclude>
    <ClInclude Include="NVMeDeallocate.h">
      <Filter>Header Files</Filter>
    </ClInclude>
    <ClInclude Include="NVMeIdentifyNamespace.h">
      <Filter>Header Files</Filter>
    </ClInclude>
    <ClInclude Include="NVMeIdentifyController.h">
      <Filter>Header Files</Filter>
    </ClInclude>
    <ClInclude Include="NVMeCommandSupportedAndEffects.h">
      <Filter>Header Files</Filter>
    </ClInclude>
    <ClInclude Include="NVMeSMART.h">
      <Filter>Header Files</Filter>
    </ClInclude>
    <ClInclude Include="NVMeUtils.h">
      <Filter>Header Files</Filter>
    </ClInclude>
    <ClInclude Include="NVMeGetLogPage.h">
      <Filter>Header Files</Filter>
    </ClInclude>
    <ClInclude Include="NVMeIdentify.h">
      <Filter>Header Files</Filter>
    </ClInclude>
    <ClInclude Include="NVMeErrorInformation.h">
      <Filter>Header Files</Filter>
    </ClInclude>
    <ClInclude Include="NVMeGetFeatures.h">
      <Filter>Header Files</Filter>
    </ClInclude>
    <ClInclude Include="NVMeFeaturesHCTM.h">
      <Filter>Header Files</Filter>
    </ClInclude>
    <ClInclude Include="NVMeSetFeatures.h">
      <Filter>Header Files</Filter>
    </ClInclude>
    <ClInclude Include="NVMeFeaturesVWC.h">
      <Filter>Header Files</Filter>
    </ClInclude>
    <ClInclude Include="NVMeFwSlotInformation.h">
      <Filter>Header Files</Filter>
    </ClInclude>
    <ClInclude Include="NVMeDeviceSelftestLog.h">
      <Filter>Header Files</Filter>
    </ClInclude>
    <ClInclude Include="NVMeDeviceSelftest.h">
      <Filter>Header Files</Filter>
    </ClInclude>
    <ClInclude Include="NVMeFormatNVM.h">
      <Filter>Header Files</Filter>
    </ClInclude>
    <ClInclude Include="NVMeIdentifyActiveNSIDList.h">
      <Filter>Header Files</Filter>
    </ClInclude>
    <ClInclude Include="NVMeFeaturesAPST.h">
      <Filter>Header Files</Filter>
    </ClInclude>
    <ClInclude Include="NVMeIdentifyControllerData.h">
      <Filter>Header Files</Filter>
    </ClInclude>
    <ClInclude Include="NVMeIdentifyNSIDDescriptor.h">
      <Filter>Header Files</Filter>
    </ClInclude>
    <ClInclude Include="NVMeGetTelemetry.h">
      <Filter>Header Files</Filter>
    </ClInclude>
    <ClInclude Include="NVMeFeaturesTimestamp.h">
      <Filter>Header Files</Filter>
    </ClInclude>
    <ClInclude Include="NVMeFeaturesLBARange.h">
      <Filter>Header Files</Filter>
    </ClInclude>
    <ClInclude Include="NVMeFeaturesHMB.h">
      <Filter>Header Files</Filter>
    </ClInclude>
    <ClInclude Include="NVMeEnduranceGroup.h">
      <Filter>Header Files</Filter>
    </ClInclude>
    <ClInclude Include="NVMeAdminVendorSpecificCommand.h">
      <Filter>Header Files</Filter>
    </ClInclude>
    <ClInclude Include="NVMeGetSupportedLogPages.h">
      <Filter>Header Files</Filter>
    </ClInclude>
    <ClInclude Include="NVMeIdentifyIOCSNamespace.h">
      <Filter>Header Files</Filter>
    </ClInclude>
  </ItemGroup>
  <ItemGroup>
    <ClCompile Include="NVMeCommandSupportedAndEffects.c">
      <Filter>Source Files</Filter>
    </ClCompile>
    <ClCompile Include="NVMeDeallocate.c">
      <Filter>Source Files</Filter>
    </ClCompile>
    <ClCompile Include="NVMeDeviceSelftest.c">
      <Filter>Source Files</Filter>
    </ClCompile>
    <ClCompile Include="NVMeDeviceSelftestLog.c">
      <Filter>Source Files</Filter>
    </ClCompile>
    <ClCompile Include="NVMeErrorInformation.c">
      <Filter>Source Files</Filter>
    </ClCompile>
    <ClCompile Include="NVMeFeaturesAPST.c">
      <Filter>Source Files</Filter>
    </ClCompile>
    <ClCompile Include="NVMeFeaturesHCTM.c">
      <Filter>Source Files</Filter>
    </ClCompile>
    <ClCompile Include="NVMeFeaturesHMB.c">
      <Filter>Source Files</Filter>
    </ClCompile>
    <ClCompile Include="NVMeFeaturesLBARange.c">
      <Filter>Source Files</Filter>
    </ClCompile>
    <ClCompile Include="NVMeFeaturesTimestamp.c">
      <Filter>Source Files</Filter>
    </ClCompile>
    <ClCompile Include="NVMeFeaturesVWC.c">
      <Filter>Source Files</Filter>
    </ClCompile>
    <ClCompile Include="NVMeFormatNVM.c">
      <Filter>Source Files</Filter>
    </ClCompile>
    <ClCompile Include="NVMeFwSlotInformation.c">
      <Filter>Source Files</Filter>
    </ClCompile>
    <ClCompile Include="NVMeGetFeatures.c">
      <Filter>Source Files</Filter>
    </ClCompile>
    <ClCompile Include="NVMeGetLogPage.c">
      <Filter>Source Files</Filter>
    </ClCompile>
    <ClCompile Include="NVMeGetTelemetry.c">
      <Filter>Source Files</Filter>
    </ClCompile>
    <ClCompile Include="NVMeIdentify.c">
      <Filter>Source Files</Filter>
    </ClCompile>
    <ClCompile Include="NVMeIdentifyActiveNSIDList.c">
      <Filter>Source Files</Filter>
    </ClCompile>
    <ClCompile Include="NVMeIdentifyController.c">
      <Filter>Source Files</Filter>
    </ClCompile>
    <ClCompile Include="NVMeIdentifyControllerData.c">
      <Filter>Source Files</Filter>
    </ClCompile>
    <ClCompile Include="NVMeIdentifyNamespace.c">
      <Filter>Source Files</Filter>
    </ClCompile>
    <ClCompile Include="NVMeIdentifyNSIDDescriptor.c">
      <Filter>Source Files</Filter>
    </ClCompile>
    <ClCompile Include="NVMeSCSIPassThrough.c">
      <Filter>Source Files</Filter>
    </ClCompile>
    <ClCompile Include="NVMeSetFeatures.c">
      <Filter>Source Files</Filter>
    </ClCompile>
    <ClCompile Include="NVMeSMART.c">
      <Filter>Source Files</Filter>
    </ClCompile>
    <ClCompile Include="NVMeTool.c">
      <Filter>Source Files</Filter>
    </ClCompile>
    <ClCompile Include="NVMeUtils.c">
      <Filter>Source Files</Filter>
    </ClCompile>
    <ClCompile Include="WinFunc.c">
      <Filter>Source Files</Filter>
    </ClCompile>
    <ClCompile Include="NVMeEnduranceGroup.c">
      <Filter>Source Files</Filter>
    </ClCompile>
    <ClCompile Include="NVMeAdminVendorSpecificCommand.c">
      <Filter>Source Files</Filter>
    </ClCompile>
    <ClCompile Include="NVMeGetSupportedLogPages.c">
      <Filter>Source Files</Filter>
    </ClCompile>
    <ClCompile Include="NVMeIdentifyIOCSNamespace.c">
      <Filter>Source Files</Filter>
    </ClCompile>
  </ItemGroup>
</Project>