<?xml version="1.0" encoding="utf-8"?>
<Project ToolsVersion="4.0" xmlns="http://schemas.microsoft.com/developer/msbuild/2003">
  <ItemGroup>
    <Filter Include="Source Files">
      <UniqueIdentifier>{4FC737F1-C7A5-4376-A066-2A32D752A2FF}</UniqueIdentifier>
      <Extensions>cpp;c;cc;cxx;def;odl;idl;hpj;bat;asm;asmx</Extensions>
    </Filter>
    <Filter Include="Header Files">
      <UniqueIdentifier>{93995380-89BD-4b04-88EB-625FBE52EBFB}</UniqueIdentifier>
      <Extensions>h;hh;hpp;hxx;hm;inl;inc;ipp;xsd</Extensions>
    </Filter>
    <Filter Include="Resource Files">
      <UniqueIdentifier>{67DA6AB6-F800-4c08-8B7A-83BB121AAD01}</UniqueIdentifier>
      <Extensions>rc;ico;cur;bmp;dlg;rc2;rct;bin;rgs;gif;jpg;jpeg;jpe;resx;tiff;tif;png;wav;mfcribbon-ms</Extensions>
    </Filter>
  </ItemGroup>
  <ItemGroup>
    <ClInclude Include="..\..\..\..\..\..\..\Program Files (x86)\Windows Kits\10\Include\10.0.17763.0\shared\nvme.h">
      <Filter>Header Files</Filter>
    </ClInclude>
    <ClInclude Include="WinFunc.h">
      <Filter>Header Files</Filter>
    </ClInclude>
    <ClInclude Include="NVMeSCSIPassThrough.h">
      <Filter>Header Files</Filter>
    </ClInclude>
    <ClInclude Include="NVMeDeallocate.h">
      <Filter>Header Files</Filter>
    </ClInclude>
    <ClInclude Include="NVMeIdentifyNamespace.h">
      <Filter>Header Files</Filter>
    </ClInclude>
    <ClInclude Include="NVMeIdentifyController.h">
      <Filter>Header Files</Filter>
    </ClInclude>
    <ClInclude Include="NVMeCommandSupportedAndEffects.h">
      <Filter>Header Files</Filter>
    </ClInclude>
    <ClInclude Include="NVMeSMART.h">
      <Filter>Header Files</Filter>
    </ClInclude>
    <ClInclude Include="NVMeUtils.h">
      <Filter>Header Files</Filter>
    </ClInclude>
    <ClInclude Include="NVMeGetLogPage.h">
      <Filter>Header Files</Filter>
    </ClInclude>
    <ClInclude Include="NVMeIdentify.h">
      <Filter>Header Files</Filter>
    </ClInclude>
    <ClInclude Include="NVMeErrorInformation.h">
      <Filter>Header Files</Filter>
    </ClInclude>
    <ClInclude Include="NVMeGetFeatures.h">
      <Filter>Header Files</Filter>
    </ClInclude>
    <ClInclude Include="NVMeIdentifyController13.h">
      <Filter>Header Files</Filter>
    </ClInclude>
    <ClInclude Include="NVMeIdentifyController14.h">
      <Filter>Header Files</Filter>
    </ClInclude>
    <ClInclude Include="NVMeIdentifyController12.h">
      <Filter>Header Files</Filter>
    </ClInclude>
    <ClInclude Include="NVMeFeaturesHCTM.h">
      <Filter>Header Files</Filter>
    </ClInclude>
    <ClInclude Include="NVMeSetFeatures.h">
      <Filter>Header Files</Filter>
    </ClInclude>
    <ClInclude Include="NVMeFeaturesVWC.h">
      <Filter>Header Files</Filter>
    </ClInclude>
    <ClInclude Include="NVMeFwSlotInformation.h">
      <Filter>Header Files</Filter>
    </ClInclude>
    <ClInclude Include="NVMeDeviceSelftestLog.h">
      <Filter>Header Files</Filter>
    </ClInclude>
    <ClInclude Include="NVMeDeviceSelftest.h">
      <Filter>Header Files</Filter>
    </ClInclude>
    <ClInclude Include="NVMeFormatNVM.h">
      <Filter>Header Files</Filter>
    </ClInclude>
    <ClInclude Include="NVMeIdentifyActiveNSIDList.h">
      <Filter>Header Files</Filter>
    </ClInclude>
    <ClInclude Include="NVMeFeaturesAPST.h">
      <Filter>Header Files</Filter>
    </ClInclude>
  </ItemGroup>
  <ItemGroup>
    <ClCompile Include="WinFunc.cpp">
      <Filter>Source Files</Filter>
    </ClCompile>
    <ClCompile Include="NVMeSCSIPassThrough.cpp">
      <Filter>Source Files</Filter>
    </ClCompile>
    <ClCompile Include="NVMeTool.cpp">
      <Filter>Source Files</Filter>
    </ClCompile>
    <ClCompile Include="NVMeDeallocate.cpp">
      <Filter>Source Files</Filter>
    </ClCompile>
    <ClCompile Include="NVMeIdentifyNamespace.cpp">
      <Filter>Source Files</Filter>
    </ClCompile>
    <ClCompile Include="NVMeIdentifyController.cpp">
      <Filter>Source Files</Filter>
    </ClCompile>
    <ClCompile Include="NVMeCommandSupportedAndEffects.cpp">
      <Filter>Source Files</Filter>
    </ClCompile>
    <ClCompile Include="NVMeSMART.cpp">
      <Filter>Source Files</Filter>
    </ClCompile>
    <ClCompile Include="NVMeUtils.cpp">
      <Filter>Source Files</Filter>
    </ClCompile>
    <ClCompile Include="NVMeGetLogPage.cpp">
      <Filter>Source Files</Filter>
    </ClCompile>
    <ClCompile Include="NVMeIdentify.cpp">
      <Filter>Source Files</Filter>
    </ClCompile>
    <ClCompile Include="NVMeErrorInformation.cpp">
      <Filter>Source Files</Filter>
    </ClCompile>
    <ClCompile Include="NVMeGetFeatures.cpp">
      <Filter>Source Files</Filter>
    </ClCompile>
    <ClCompile Include="NVMeIdentifyController13.cpp">
      <Filter>Source Files</Filter>
    </ClCompile>
    <ClCompile Include="NVMeIdentifyController14.cpp">
      <Filter>Source Files</Filter>
    </ClCompile>
    <ClCompile Include="NVMeIdentifyController12.cpp">
      <Filter>Source Files</Filter>
    </ClCompile>
    <ClCompile Include="NVMeFeaturesHCTM.cpp">
      <Filter>Source Files</Filter>
    </ClCompile>
    <ClCompile Include="NVMeSetFeatures.cpp">
      <Filter>Source Files</Filter>
    </ClCompile>
    <ClCompile Include="NVMeFeaturesVWC.cpp">
      <Filter>Source Files</Filter>
    </ClCompile>
    <ClCompile Include="NVMeFwSlotInformation.cpp">
      <Filter>Source Files</Filter>
    </ClCompile>
    <ClCompile Include="NVMeDeviceSelftestLog.cpp">
      <Filter>Source Files</Filter>
    </ClCompile>
    <ClCompile Include="NVMeDeviceSelftest.cpp">
      <Filter>Source Files</Filter>
    </ClCompile>
    <ClCompile Include="NVMeFormatNVM.cpp">
      <Filter>Source Files</Filter>
    </ClCompile>
    <ClCompile Include="NVMeIdentifyActiveNSIDList.cpp">
      <Filter>Source Files</Filter>
    </ClCompile>
    <ClCompile Include="NVMeFeaturesAPST.cpp">
      <Filter>Source Files</Filter>
    </ClCompile>
  </ItemGroup>
</Project>